
Microsoft Visual Studio Solution File, Format Version 12.00
# Visual Studio 2012
Project("{FAE04EC0-301F-11D3-BF4B-00C04F79EFBC}") = "GameTesting", "GameTesting\GameTesting\GameTesting.csproj", "{06D1D471-BB35-44CF-9B2F-FA2633F9102C}"
EndProject
Project("{FAE04EC0-301F-11D3-BF4B-00C04F79EFBC}") = "GameTestingContent", "GameTesting\GameTestingContent\GameTestingContent.contentproj", "{26253272-A035-4EB6-9C2E-73B60EA085C2}"
EndProject
Project("{2150E333-8FDC-42A3-9474-1A3956D46DE8}") = "Solution Items", "Solution Items", "{513E804A-8475-454C-BA10-E654AEBEF2CA}"
	ProjectSection(SolutionItems) = preProject
		..\..\kIIpHrp.jpg = ..\..\kIIpHrp.jpg
	EndProjectSection
EndProject
Global
	GlobalSection(SolutionConfigurationPlatforms) = preSolution
		Debug|x86 = Debug|x86
		Release|x86 = Release|x86
	EndGlobalSection
	GlobalSection(ProjectConfigurationPlatforms) = postSolution
		{06D1D471-BB35-44CF-9B2F-FA2633F9102C}.Debug|x86.ActiveCfg = Debug|x86
		{06D1D471-BB35-44CF-9B2F-FA2633F9102C}.Debug|x86.Build.0 = Debug|x86
		{06D1D471-BB35-44CF-9B2F-FA2633F9102C}.Release|x86.ActiveCfg = Release|x86
		{06D1D471-BB35-44CF-9B2F-FA2633F9102C}.Release|x86.Build.0 = Release|x86
		{26253272-A035-4EB6-9C2E-73B60EA085C2}.Debug|x86.ActiveCfg = Debug|x86
		{26253272-A035-4EB6-9C2E-73B60EA085C2}.Release|x86.ActiveCfg = Release|x86
	EndGlobalSection
	GlobalSection(SolutionProperties) = preSolution
		HideSolutionNode = FALSE
	EndGlobalSection
EndGlobal
